
Microsoft Visual Studio Solution File, Format Version 12.00
# Visual Studio Version 16
VisualStudioVersion = 16.0.30804.86
MinimumVisualStudioVersion = 10.0.40219.1
Project("{FAE04EC0-301F-11D3-BF4B-00C04F79EFBC}") = "AzureStorageTableOperations", "AzureStorageTableOperations.csproj", "{8EECAA49-A6C6-454F-9B62-7B7F2C757EAB}"
EndProject
Global
	GlobalSection(SolutionConfigurationPlatforms) = preSolution
		Debug|Any CPU = Debug|Any CPU
		Release|Any CPU = Release|Any CPU
	EndGlobalSection
	GlobalSection(ProjectConfigurationPlatforms) = postSolution
		{8EECAA49-A6C6-454F-9B62-7B7F2C757EAB}.Debug|Any CPU.ActiveCfg = Debug|Any CPU
		{8EECAA49-A6C6-454F-9B62-7B7F2C757EAB}.Debug|Any CPU.Build.0 = Debug|Any CPU
		{8EECAA49-A6C6-454F-9B62-7B7F2C757EAB}.Release|Any CPU.ActiveCfg = Release|Any CPU
		{8EECAA49-A6C6-454F-9B62-7B7F2C757EAB}.Release|Any CPU.Build.0 = Release|Any CPU
	EndGlobalSection
	GlobalSection(SolutionProperties) = preSolution
		HideSolutionNode = FALSE
	EndGlobalSection
	GlobalSection(ExtensibilityGlobals) = postSolution
		SolutionGuid = {AC1C830E-0345-46C1-AD32-FD4DA2A56B76}
	EndGlobalSection
EndGlobal
